// !$*UTF8*$!
{
	archiveVersion = 1;
	classes = {
	};
	objectVersion = 56;
	objects = {

/* Begin PBXBuildFile section */
		D60FF8A22B0F550500698AD9 /* SwiftUIEditLocationApp.swift in Sources */ = {isa = PBXBuildFile; fileRef = D60FF8A12B0F550500698AD9 /* SwiftUIEditLocationApp.swift */; };
		D60FF8A42B0F550500698AD9 /* ContentView.swift in Sources */ = {isa = PBXBuildFile; fileRef = D60FF8A32B0F550500698AD9 /* ContentView.swift */; };
		D60FF8A62B0F550700698AD9 /* Assets.xcassets in Resources */ = {isa = PBXBuildFile; fileRef = D60FF8A52B0F550700698AD9 /* Assets.xcassets */; };
		D60FF8A92B0F550700698AD9 /* Preview Assets.xcassets in Resources */ = {isa = PBXBuildFile; fileRef = D60FF8A82B0F550700698AD9 /* Preview Assets.xcassets */; };
		D60FF8B32B0F550700698AD9 /* SwiftUIEditLocationTests.swift in Sources */ = {isa = PBXBuildFile; fileRef = D60FF8B22B0F550700698AD9 /* SwiftUIEditLocationTests.swift */; };
		D60FF8BD2B0F550700698AD9 /* SwiftUIEditLocationUITests.swift in Sources */ = {isa = PBXBuildFile; fileRef = D60FF8BC2B0F550700698AD9 /* SwiftUIEditLocationUITests.swift */; };
		D60FF8BF2B0F550700698AD9 /* SwiftUIEditLocationUITestsLaunchTests.swift in Sources */ = {isa = PBXBuildFile; fileRef = D60FF8BE2B0F550700698AD9 /* SwiftUIEditLocationUITestsLaunchTests.swift */; };
/* End PBXBuildFile section */

/* Begin PBXContainerItemProxy section */
		D60FF8AF2B0F550700698AD9 /* PBXContainerItemProxy */ = {
			isa = PBXContainerItemProxy;
			containerPortal = D60FF8962B0F550500698AD9 /* Project object */;
			proxyType = 1;
			remoteGlobalIDString = D60FF89D2B0F550500698AD9;
			remoteInfo = SwiftUIEditLocation;
		};
		D60FF8B92B0F550700698AD9 /* PBXContainerItemProxy */ = {
			isa = PBXContainerItemProxy;
			containerPortal = D60FF8962B0F550500698AD9 /* Project object */;
			proxyType = 1;
			remoteGlobalIDString = D60FF89D2B0F550500698AD9;
			remoteInfo = SwiftUIEditLocation;
		};
/* End PBXContainerItemProxy section */

/* Begin PBXFileReference section */
		D60FF89E2B0F550500698AD9 /* SwiftUIEditLocation.app */ = {isa = PBXFileReference; explicitFileType = wrapper.application; includeInIndex = 0; path = SwiftUIEditLocation.app; sourceTree = BUILT_PRODUCTS_DIR; };
		D60FF8A12B0F550500698AD9 /* SwiftUIEditLocationApp.swift */ = {isa = PBXFileReference; lastKnownFileType = sourcecode.swift; path = SwiftUIEditLocationApp.swift; sourceTree = "<group>"; };
		D60FF8A32B0F550500698AD9 /* ContentView.swift */ = {isa = PBXFileReference; lastKnownFileType = sourcecode.swift; path = ContentView.swift; sourceTree = "<group>"; };
		D60FF8A52B0F550700698AD9 /* Assets.xcassets */ = {isa = PBXFileReference; lastKnownFileType = folder.assetcatalog; path = Assets.xcassets; sourceTree = "<group>"; };
		D60FF8A82B0F550700698AD9 /* Preview Assets.xcassets */ = {isa = PBXFileReference; lastKnownFileType = folder.assetcatalog; path = "Preview Assets.xcassets"; sourceTree = "<group>"; };
		D60FF8AE2B0F550700698AD9 /* SwiftUIEditLocationTests.xctest */ = {isa = PBXFileReference; explicitFileType = wrapper.cfbundle; includeInIndex = 0; path = SwiftUIEditLocationTests.xctest; sourceTree = BUILT_PRODUCTS_DIR; };
		D60FF8B22B0F550700698AD9 /* SwiftUIEditLocationTests.swift */ = {isa = PBXFileReference; lastKnownFileType = sourcecode.swift; path = SwiftUIEditLocationTests.swift; sourceTree = "<group>"; };
		D60FF8B82B0F550700698AD9 /* SwiftUIEditLocationUITests.xctest */ = {isa = PBXFileReference; explicitFileType = wrapper.cfbundle; includeInIndex = 0; path = SwiftUIEditLocationUITests.xctest; sourceTree = BUILT_PRODUCTS_DIR; };
		D60FF8BC2B0F550700698AD9 /* SwiftUIEditLocationUITests.swift */ = {isa = PBXFileReference; lastKnownFileType = sourcecode.swift; path = SwiftUIEditLocationUITests.swift; sourceTree = "<group>"; };
		D60FF8BE2B0F550700698AD9 /* SwiftUIEditLocationUITestsLaunchTests.swift */ = {isa = PBXFileReference; lastKnownFileType = sourcecode.swift; path = SwiftUIEditLocationUITestsLaunchTests.swift; sourceTree = "<group>"; };
/* End PBXFileReference section */

/* Begin PBXFrameworksBuildPhase section */
		D60FF89B2B0F550500698AD9 /* Frameworks */ = {
			isa = PBXFrameworksBuildPhase;
			buildActionMask = 2147483647;
			files = (
			);
			runOnlyForDeploymentPostprocessing = 0;
		};
		D60FF8AB2B0F550700698AD9 /* Frameworks */ = {
			isa = PBXFrameworksBuildPhase;
			buildActionMask = 2147483647;
			files = (
			);
			runOnlyForDeploymentPostprocessing = 0;
		};
		D60FF8B52B0F550700698AD9 /* Frameworks */ = {
			isa = PBXFrameworksBuildPhase;
			buildActionMask = 2147483647;
			files = (
			);
			runOnlyForDeploymentPostprocessing = 0;
		};
/* End PBXFrameworksBuildPhase section */

/* Begin PBXGroup section */
		D60FF8952B0F550500698AD9 = {
			isa = PBXGroup;
			children = (
				D60FF8A02B0F550500698AD9 /* SwiftUIEditLocation */,
				D60FF8B12B0F550700698AD9 /* SwiftUIEditLocationTests */,
				D60FF8BB2B0F550700698AD9 /* SwiftUIEditLocationUITests */,
				D60FF89F2B0F550500698AD9 /* Products */,
			);
			sourceTree = "<group>";
		};
		D60FF89F2B0F550500698AD9 /* Products */ = {
			isa = PBXGroup;
			children = (
				D60FF89E2B0F550500698AD9 /* SwiftUIEditLocation.app */,
				D60FF8AE2B0F550700698AD9 /* SwiftUIEditLocationTests.xctest */,
				D60FF8B82B0F550700698AD9 /* SwiftUIEditLocationUITests.xctest */,
			);
			name = Products;
			sourceTree = "<group>";
		};
		D60FF8A02B0F550500698AD9 /* SwiftUIEditLocation */ = {
			isa = PBXGroup;
			children = (
				D60FF8A12B0F550500698AD9 /* SwiftUIEditLocationApp.swift */,
				D60FF8A32B0F550500698AD9 /* ContentView.swift */,
				D60FF8A52B0F550700698AD9 /* Assets.xcassets */,
				D60FF8A72B0F550700698AD9 /* Preview Content */,
			);
			path = SwiftUIEditLocation;
			sourceTree = "<group>";
		};
		D60FF8A72B0F550700698AD9 /* Preview Content */ = {
			isa = PBXGroup;
			children = (
				D60FF8A82B0F550700698AD9 /* Preview Assets.xcassets */,
			);
			path = "Preview Content";
			sourceTree = "<group>";
		};
		D60FF8B12B0F550700698AD9 /* SwiftUIEditLocationTests */ = {
			isa = PBXGroup;
			children = (
				D60FF8B22B0F550700698AD9 /* SwiftUIEditLocationTests.swift */,
			);
			path = SwiftUIEditLocationTests;
			sourceTree = "<group>";
		};
		D60FF8BB2B0F550700698AD9 /* SwiftUIEditLocationUITests */ = {
			isa = PBXGroup;
			children = (
				D60FF8BC2B0F550700698AD9 /* SwiftUIEditLocationUITests.swift */,
				D60FF8BE2B0F550700698AD9 /* SwiftUIEditLocationUITestsLaunchTests.swift */,
			);
			path = SwiftUIEditLocationUITests;
			sourceTree = "<group>";
		};
/* End PBXGroup section */

/* Begin PBXNativeTarget section */
		D60FF89D2B0F550500698AD9 /* SwiftUIEditLocation */ = {
			isa = PBXNativeTarget;
			buildConfigurationList = D60FF8C22B0F550700698AD9 /* Build configuration list for PBXNativeTarget "SwiftUIEditLocation" */;
			buildPhases = (
				D60FF89A2B0F550500698AD9 /* Sources */,
				D60FF89B2B0F550500698AD9 /* Frameworks */,
				D60FF89C2B0F550500698AD9 /* Resources */,
			);
			buildRules = (
			);
			dependencies = (
			);
			name = SwiftUIEditLocation;
			productName = SwiftUIEditLocation;
			productReference = D60FF89E2B0F550500698AD9 /* SwiftUIEditLocation.app */;
			productType = "com.apple.product-type.application";
		};
		D60FF8AD2B0F550700698AD9 /* SwiftUIEditLocationTests */ = {
			isa = PBXNativeTarget;
			buildConfigurationList = D60FF8C52B0F550700698AD9 /* Build configuration list for PBXNativeTarget "SwiftUIEditLocationTests" */;
			buildPhases = (
				D60FF8AA2B0F550700698AD9 /* Sources */,
				D60FF8AB2B0F550700698AD9 /* Frameworks */,
				D60FF8AC2B0F550700698AD9 /* Resources */,
			);
			buildRules = (
			);
			dependencies = (
				D60FF8B02B0F550700698AD9 /* PBXTargetDependency */,
			);
			name = SwiftUIEditLocationTests;
			productName = SwiftUIEditLocationTests;
			productReference = D60FF8AE2B0F550700698AD9 /* SwiftUIEditLocationTests.xctest */;
			productType = "com.apple.product-type.bundle.unit-test";
		};
		D60FF8B72B0F550700698AD9 /* SwiftUIEditLocationUITests */ = {
			isa = PBXNativeTarget;
			buildConfigurationList = D60FF8C82B0F550700698AD9 /* Build configuration list for PBXNativeTarget "SwiftUIEditLocationUITests" */;
			buildPhases = (
				D60FF8B42B0F550700698AD9 /* Sources */,
				D60FF8B52B0F550700698AD9 /* Frameworks */,
				D60FF8B62B0F550700698AD9 /* Resources */,
			);
			buildRules = (
			);
			dependencies = (
				D60FF8BA2B0F550700698AD9 /* PBXTargetDependency */,
			);
			name = SwiftUIEditLocationUITests;
			productName = SwiftUIEditLocationUITests;
			productReference = D60FF8B82B0F550700698AD9 /* SwiftUIEditLocationUITests.xctest */;
			productType = "com.apple.product-type.bundle.ui-testing";
		};
/* End PBXNativeTarget section */

/* Begin PBXProject section */
		D60FF8962B0F550500698AD9 /* Project object */ = {
			isa = PBXProject;
			attributes = {
				BuildIndependentTargetsInParallel = 1;
				LastSwiftUpdateCheck = 1500;
				LastUpgradeCheck = 1500;
				TargetAttributes = {
					D60FF89D2B0F550500698AD9 = {
						CreatedOnToolsVersion = 15.0.1;
					};
					D60FF8AD2B0F550700698AD9 = {
						CreatedOnToolsVersion = 15.0.1;
						TestTargetID = D60FF89D2B0F550500698AD9;
					};
					D60FF8B72B0F550700698AD9 = {
						CreatedOnToolsVersion = 15.0.1;
						TestTargetID = D60FF89D2B0F550500698AD9;
					};
				};
			};
			buildConfigurationList = D60FF8992B0F550500698AD9 /* Build configuration list for PBXProject "SwiftUIEditLocation" */;
			compatibilityVersion = "Xcode 14.0";
			developmentRegion = en;
			hasScannedForEncodings = 0;
			knownRegions = (
				en,
				Base,
			);
			mainGroup = D60FF8952B0F550500698AD9;
			productRefGroup = D60FF89F2B0F550500698AD9 /* Products */;
			projectDirPath = "";
			projectRoot = "";
			targets = (
				D60FF89D2B0F550500698AD9 /* SwiftUIEditLocation */,
				D60FF8AD2B0F550700698AD9 /* SwiftUIEditLocationTests */,
				D60FF8B72B0F550700698AD9 /* SwiftUIEditLocationUITests */,
			);
		};
/* End PBXProject section */

/* Begin PBXResourcesBuildPhase section */
		D60FF89C2B0F550500698AD9 /* Resources */ = {
			isa = PBXResourcesBuildPhase;
			buildActionMask = 2147483647;
			files = (
				D60FF8A92B0F550700698AD9 /* Preview Assets.xcassets in Resources */,
				D60FF8A62B0F550700698AD9 /* Assets.xcassets in Resources */,
			);
			runOnlyForDeploymentPostprocessing = 0;
		};
		D60FF8AC2B0F550700698AD9 /* Resources */ = {
			isa = PBXResourcesBuildPhase;
			buildActionMask = 2147483647;
			files = (
			);
			runOnlyForDeploymentPostprocessing = 0;
		};
		D60FF8B62B0F550700698AD9 /* Resources */ = {
			isa = PBXResourcesBuildPhase;
			buildActionMask = 2147483647;
			files = (
			);
			runOnlyForDeploymentPostprocessing = 0;
		};
/* End PBXResourcesBuildPhase section */

/* Begin PBXSourcesBuildPhase section */
		D60FF89A2B0F550500698AD9 /* Sources */ = {
			isa = PBXSourcesBuildPhase;
			buildActionMask = 2147483647;
			files = (
				D60FF8A42B0F550500698AD9 /* ContentView.swift in Sources */,
				D60FF8A22B0F550500698AD9 /* SwiftUIEditLocationApp.swift in Sources */,
			);
			runOnlyForDeploymentPostprocessing = 0;
		};
		D60FF8AA2B0F550700698AD9 /* Sources */ = {
			isa = PBXSourcesBuildPhase;
			buildActionMask = 2147483647;
			files = (
				D60FF8B32B0F550700698AD9 /* SwiftUIEditLocationTests.swift in Sources */,
			);
			runOnlyForDeploymentPostprocessing = 0;
		};
		D60FF8B42B0F550700698AD9 /* Sources */ = {
			isa = PBXSourcesBuildPhase;
			buildActionMask = 2147483647;
			files = (
				D60FF8BD2B0F550700698AD9 /* SwiftUIEditLocationUITests.swift in Sources */,
				D60FF8BF2B0F550700698AD9 /* SwiftUIEditLocationUITestsLaunchTests.swift in Sources */,
			);
			runOnlyForDeploymentPostprocessing = 0;
		};
/* End PBXSourcesBuildPhase section */

/* Begin PBXTargetDependency section */
		D60FF8B02B0F550700698AD9 /* PBXTargetDependency */ = {
			isa = PBXTargetDependency;
			target = D60FF89D2B0F550500698AD9 /* SwiftUIEditLocation */;
			targetProxy = D60FF8AF2B0F550700698AD9 /* PBXContainerItemProxy */;
		};
		D60FF8BA2B0F550700698AD9 /* PBXTargetDependency */ = {
			isa = PBXTargetDependency;
			target = D60FF89D2B0F550500698AD9 /* SwiftUIEditLocation */;
			targetProxy = D60FF8B92B0F550700698AD9 /* PBXContainerItemProxy */;
		};
/* End PBXTargetDependency section */

/* Begin XCBuildConfiguration section */
		D60FF8C02B0F550700698AD9 /* Debug */ = {
			isa = XCBuildConfiguration;
			buildSettings = {
				ALWAYS_SEARCH_USER_PATHS = NO;
				ASSETCATALOG_COMPILER_GENERATE_SWIFT_ASSET_SYMBOL_EXTENSIONS = YES;
				CLANG_ANALYZER_NONNULL = YES;
				CLANG_ANALYZER_NUMBER_OBJECT_CONVERSION = YES_AGGRESSIVE;
				CLANG_CXX_LANGUAGE_STANDARD = "gnu++20";
				CLANG_ENABLE_MODULES = YES;
				CLANG_ENABLE_OBJC_ARC = YES;
				CLANG_ENABLE_OBJC_WEAK = YES;
				CLANG_WARN_BLOCK_CAPTURE_AUTORELEASING = YES;
				CLANG_WARN_BOOL_CONVERSION = YES;
				CLANG_WARN_COMMA = YES;
				CLANG_WARN_CONSTANT_CONVERSION = YES;
				CLANG_WARN_DEPRECATED_OBJC_IMPLEMENTATIONS = YES;
				CLANG_WARN_DIRECT_OBJC_ISA_USAGE = YES_ERROR;
				CLANG_WARN_DOCUMENTATION_COMMENTS = YES;
				CLANG_WARN_EMPTY_BODY = YES;
				CLANG_WARN_ENUM_CONVERSION = YES;
				CLANG_WARN_INFINITE_RECURSION = YES;
				CLANG_WARN_INT_CONVERSION = YES;
				CLANG_WARN_NON_LITERAL_NULL_CONVERSION = YES;
				CLANG_WARN_OBJC_IMPLICIT_RETAIN_SELF = YES;
				CLANG_WARN_OBJC_LITERAL_CONVERSION = YES;
				CLANG_WARN_OBJC_ROOT_CLASS = YES_ERROR;
				CLANG_WARN_QUOTED_INCLUDE_IN_FRAMEWORK_HEADER = YES;
				CLANG_WARN_RANGE_LOOP_ANALYSIS = YES;
				CLANG_WARN_STRICT_PROTOTYPES = YES;
				CLANG_WARN_SUSPICIOUS_MOVE = YES;
				CLANG_WARN_UNGUARDED_AVAILABILITY = YES_AGGRESSIVE;
				CLANG_WARN_UNREACHABLE_CODE = YES;
				CLANG_WARN__DUPLICATE_METHOD_MATCH = YES;
				COPY_PHASE_STRIP = NO;
				DEBUG_INFORMATION_FORMAT = dwarf;
				ENABLE_STRICT_OBJC_MSGSEND = YES;
				ENABLE_TESTABILITY = YES;
				ENABLE_USER_SCRIPT_SANDBOXING = YES;
				GCC_C_LANGUAGE_STANDARD = gnu17;
				GCC_DYNAMIC_NO_PIC = NO;
				GCC_NO_COMMON_BLOCKS = YES;
				GCC_OPTIMIZATION_LEVEL = 0;
				GCC_PREPROCESSOR_DEFINITIONS = (
					"DEBUG=1",
					"$(inherited)",
				);
				GCC_WARN_64_TO_32_BIT_CONVERSION = YES;
				GCC_WARN_ABOUT_RETURN_TYPE = YES_ERROR;
				GCC_WARN_UNDECLARED_SELECTOR = YES;
				GCC_WARN_UNINITIALIZED_AUTOS = YES_AGGRESSIVE;
				GCC_WARN_UNUSED_FUNCTION = YES;
				GCC_WARN_UNUSED_VARIABLE = YES;
				IPHONEOS_DEPLOYMENT_TARGET = 17.0;
				LOCALIZATION_PREFERS_STRING_CATALOGS = YES;
				MTL_ENABLE_DEBUG_INFO = INCLUDE_SOURCE;
				MTL_FAST_MATH = YES;
				ONLY_ACTIVE_ARCH = YES;
				SDKROOT = iphoneos;
				SWIFT_ACTIVE_COMPILATION_CONDITIONS = "DEBUG $(inherited)";
				SWIFT_OPTIMIZATION_LEVEL = "-Onone";
			};
			name = Debug;
		};
		D60FF8C12B0F550700698AD9 /* Release */ = {
			isa = XCBuildConfiguration;
			buildSettings = {
				ALWAYS_SEARCH_USER_PATHS = NO;
				ASSETCATALOG_COMPILER_GENERATE_SWIFT_ASSET_SYMBOL_EXTENSIONS = YES;
				CLANG_ANALYZER_NONNULL = YES;
				CLANG_ANALYZER_NUMBER_OBJECT_CONVERSION = YES_AGGRESSIVE;
				CLANG_CXX_LANGUAGE_STANDARD = "gnu++20";
				CLANG_ENABLE_MODULES = YES;
				CLANG_ENABLE_OBJC_ARC = YES;
				CLANG_ENABLE_OBJC_WEAK = YES;
				CLANG_WARN_BLOCK_CAPTURE_AUTORELEASING = YES;
				CLANG_WARN_BOOL_CONVERSION = YES;
				CLANG_WARN_COMMA = YES;
				CLANG_WARN_CONSTANT_CONVERSION = YES;
				CLANG_WARN_DEPRECATED_OBJC_IMPLEMENTATIONS = YES;
				CLANG_WARN_DIRECT_OBJC_ISA_USAGE = YES_ERROR;
				CLANG_WARN_DOCUMENTATION_COMMENTS = YES;
				CLANG_WARN_EMPTY_BODY = YES;
				CLANG_WARN_ENUM_CONVERSION = YES;
				CLANG_WARN_INFINITE_RECURSION = YES;
				CLANG_WARN_INT_CONVERSION = YES;
				CLANG_WARN_NON_LITERAL_NULL_CONVERSION = YES;
				CLANG_WARN_OBJC_IMPLICIT_RETAIN_SELF = YES;
				CLANG_WARN_OBJC_LITERAL_CONVERSION = YES;
				CLANG_WARN_OBJC_ROOT_CLASS = YES_ERROR;
				CLANG_WARN_QUOTED_INCLUDE_IN_FRAMEWORK_HEADER = YES;
				CLANG_WARN_RANGE_LOOP_ANALYSIS = YES;
				CLANG_WARN_STRICT_PROTOTYPES = YES;
				CLANG_WARN_SUSPICIOUS_MOVE = YES;
				CLANG_WARN_UNGUARDED_AVAILABILITY = YES_AGGRESSIVE;
				CLANG_WARN_UNREACHABLE_CODE = YES;
				CLANG_WARN__DUPLICATE_METHOD_MATCH = YES;
				COPY_PHASE_STRIP = NO;
				DEBUG_INFORMATION_FORMAT = "dwarf-with-dsym";
				ENABLE_NS_ASSERTIONS = NO;
				ENABLE_STRICT_OBJC_MSGSEND = YES;
				ENABLE_USER_SCRIPT_SANDBOXING = YES;
				GCC_C_LANGUAGE_STANDARD = gnu17;
				GCC_NO_COMMON_BLOCKS = YES;
				GCC_WARN_64_TO_32_BIT_CONVERSION = YES;
				GCC_WARN_ABOUT_RETURN_TYPE = YES_ERROR;
				GCC_WARN_UNDECLARED_SELECTOR = YES;
				GCC_WARN_UNINITIALIZED_AUTOS = YES_AGGRESSIVE;
				GCC_WARN_UNUSED_FUNCTION = YES;
				GCC_WARN_UNUSED_VARIABLE = YES;
				IPHONEOS_DEPLOYMENT_TARGET = 17.0;
				LOCALIZATION_PREFERS_STRING_CATALOGS = YES;
				MTL_ENABLE_DEBUG_INFO = NO;
				MTL_FAST_MATH = YES;
				SDKROOT = iphoneos;
				SWIFT_COMPILATION_MODE = wholemodule;
				VALIDATE_PRODUCT = YES;
			};
			name = Release;
		};
		D60FF8C32B0F550700698AD9 /* Debug */ = {
			isa = XCBuildConfiguration;
			buildSettings = {
				ASSETCATALOG_COMPILER_APPICON_NAME = AppIcon;
				ASSETCATALOG_COMPILER_GLOBAL_ACCENT_COLOR_NAME = AccentColor;
				CODE_SIGN_STYLE = Automatic;
				CURRENT_PROJECT_VERSION = 1;
				DEVELOPMENT_ASSET_PATHS = "\"SwiftUIEditLocation/Preview Content\"";
				ENABLE_PREVIEWS = YES;
				GENERATE_INFOPLIST_FILE = YES;
				INFOPLIST_KEY_UIApplicationSceneManifest_Generation = YES;
				INFOPLIST_KEY_UIApplicationSupportsIndirectInputEvents = YES;
				INFOPLIST_KEY_UILaunchScreen_Generation = YES;
				INFOPLIST_KEY_UISupportedInterfaceOrientations_iPad = "UIInterfaceOrientationPortrait UIInterfaceOrientationPortraitUpsideDown UIInterfaceOrientationLandscapeLeft UIInterfaceOrientationLandscapeRight";
				INFOPLIST_KEY_UISupportedInterfaceOrientations_iPhone = "UIInterfaceOrientationPortrait UIInterfaceOrientationLandscapeLeft UIInterfaceOrientationLandscapeRight";
				LD_RUNPATH_SEARCH_PATHS = (
					"$(inherited)",
					"@executable_path/Frameworks",
				);
				MARKETING_VERSION = 1.0;
				PRODUCT_BUNDLE_IDENTIFIER = com.assignment.SwiftUIEditLocation;
				PRODUCT_NAME = "$(TARGET_NAME)";
				SWIFT_EMIT_LOC_STRINGS = YES;
				SWIFT_VERSION = 5.0;
				TARGETED_DEVICE_FAMILY = "1,2";
			};
			name = Debug;
		};
		D60FF8C42B0F550700698AD9 /* Release */ = {
			isa = XCBuildConfiguration;
			buildSettings = {
				ASSETCATALOG_COMPILER_APPICON_NAME = AppIcon;
				ASSETCATALOG_COMPILER_GLOBAL_ACCENT_COLOR_NAME = AccentColor;
				CODE_SIGN_STYLE = Automatic;
				CURRENT_PROJECT_VERSION = 1;
				DEVELOPMENT_ASSET_PATHS = "\"SwiftUIEditLocation/Preview Content\"";
				ENABLE_PREVIEWS = YES;
				GENERATE_INFOPLIST_FILE = YES;
				INFOPLIST_KEY_UIApplicationSceneManifest_Generation = YES;
				INFOPLIST_KEY_UIApplicationSupportsIndirectInputEvents = YES;
				INFOPLIST_KEY_UILaunchScreen_Generation = YES;
				INFOPLIST_KEY_UISupportedInterfaceOrientations_iPad = "UIInterfaceOrientationPortrait UIInterfaceOrientationPortraitUpsideDown UIInterfaceOrientationLandscapeLeft UIInterfaceOrientationLandscapeRight";
				INFOPLIST_KEY_UISupportedInterfaceOrientations_iPhone = "UIInterfaceOrientationPortrait UIInterfaceOrientationLandscapeLeft UIInterfaceOrientationLandscapeRight";
				LD_RUNPATH_SEARCH_PATHS = (
					"$(inherited)",
					"@executable_path/Frameworks",
				);
				MARKETING_VERSION = 1.0;
				PRODUCT_BUNDLE_IDENTIFIER = com.assignment.SwiftUIEditLocation;
				PRODUCT_NAME = "$(TARGET_NAME)";
				SWIFT_EMIT_LOC_STRINGS = YES;
				SWIFT_VERSION = 5.0;
				TARGETED_DEVICE_FAMILY = "1,2";
			};
			name = Release;
		};
		D60FF8C62B0F550700698AD9 /* Debug */ = {
			isa = XCBuildConfiguration;
			buildSettings = {
				ALWAYS_EMBED_SWIFT_STANDARD_LIBRARIES = YES;
				BUNDLE_LOADER = "$(TEST_HOST)";
				CODE_SIGN_STYLE = Automatic;
				CURRENT_PROJECT_VERSION = 1;
				GENERATE_INFOPLIST_FILE = YES;
				IPHONEOS_DEPLOYMENT_TARGET = 17.0;
				MARKETING_VERSION = 1.0;
				PRODUCT_BUNDLE_IDENTIFIER = com.assignment.SwiftUIEditLocationTests;
				PRODUCT_NAME = "$(TARGET_NAME)";
				SWIFT_EMIT_LOC_STRINGS = NO;
				SWIFT_VERSION = 5.0;
				TARGETED_DEVICE_FAMILY = "1,2";
				TEST_HOST = "$(BUILT_PRODUCTS_DIR)/SwiftUIEditLocation.app/$(BUNDLE_EXECUTABLE_FOLDER_PATH)/SwiftUIEditLocation";
			};
			name = Debug;
		};
		D60FF8C72B0F550700698AD9 /* Release */ = {
			isa = XCBuildConfiguration;
			buildSettings = {
				ALWAYS_EMBED_SWIFT_STANDARD_LIBRARIES = YES;
				BUNDLE_LOADER = "$(TEST_HOST)";
				CODE_SIGN_STYLE = Automatic;
				CURRENT_PROJECT_VERSION = 1;
				GENERATE_INFOPLIST_FILE = YES;
				IPHONEOS_DEPLOYMENT_TARGET = 17.0;
				MARKETING_VERSION = 1.0;
				PRODUCT_BUNDLE_IDENTIFIER = com.assignment.SwiftUIEditLocationTests;
				PRODUCT_NAME = "$(TARGET_NAME)";
				SWIFT_EMIT_LOC_STRINGS = NO;
				SWIFT_VERSION = 5.0;
				TARGETED_DEVICE_FAMILY = "1,2";
				TEST_HOST = "$(BUILT_PRODUCTS_DIR)/SwiftUIEditLocation.app/$(BUNDLE_EXECUTABLE_FOLDER_PATH)/SwiftUIEditLocation";
			};
			name = Release;
		};
		D60FF8C92B0F550700698AD9 /* Debug */ = {
			isa = XCBuildConfiguration;
			buildSettings = {
				ALWAYS_EMBED_SWIFT_STANDARD_LIBRARIES = YES;
				CODE_SIGN_STYLE = Automatic;
				CURRENT_PROJECT_VERSION = 1;
				GENERATE_INFOPLIST_FILE = YES;
				MARKETING_VERSION = 1.0;
				PRODUCT_BUNDLE_IDENTIFIER = com.assignment.SwiftUIEditLocationUITests;
				PRODUCT_NAME = "$(TARGET_NAME)";
				SWIFT_EMIT_LOC_STRINGS = NO;
				SWIFT_VERSION = 5.0;
				TARGETED_DEVICE_FAMILY = "1,2";
				TEST_TARGET_NAME = SwiftUIEditLocation;
			};
			name = Debug;
		};
		D60FF8CA2B0F550700698AD9 /* Release */ = {
			isa = XCBuildConfiguration;
			buildSettings = {
				ALWAYS_EMBED_SWIFT_STANDARD_LIBRARIES = YES;
				CODE_SIGN_STYLE = Automatic;
				CURRENT_PROJECT_VERSION = 1;
				GENERATE_INFOPLIST_FILE = YES;
				MARKETING_VERSION = 1.0;
				PRODUCT_BUNDLE_IDENTIFIER = com.assignment.SwiftUIEditLocationUITests;
				PRODUCT_NAME = "$(TARGET_NAME)";
				SWIFT_EMIT_LOC_STRINGS = NO;
				SWIFT_VERSION = 5.0;
				TARGETED_DEVICE_FAMILY = "1,2";
				TEST_TARGET_NAME = SwiftUIEditLocation;
			};
			name = Release;
		};
/* End XCBuildConfiguration section */

/* Begin XCConfigurationList section */
		D60FF8992B0F550500698AD9 /* Build configuration list for PBXProject "SwiftUIEditLocation" */ = {
			isa = XCConfigurationList;
			buildConfigurations = (
				D60FF8C02B0F550700698AD9 /* Debug */,
				D60FF8C12B0F550700698AD9 /* Release */,
			);
			defaultConfigurationIsVisible = 0;
			defaultConfigurationName = Release;
		};
		D60FF8C22B0F550700698AD9 /* Build configuration list for PBXNativeTarget "SwiftUIEditLocation" */ = {
			isa = XCConfigurationList;
			buildConfigurations = (
				D60FF8C32B0F550700698AD9 /* Debug */,
				D60FF8C42B0F550700698AD9 /* Release */,
			);
			defaultConfigurationIsVisible = 0;
			defaultConfigurationName = Release;
		};
		D60FF8C52B0F550700698AD9 /* Build configuration list for PBXNativeTarget "SwiftUIEditLocationTests" */ = {
			isa = XCConfigurationList;
			buildConfigurations = (
				D60FF8C62B0F550700698AD9 /* Debug */,
				D60FF8C72B0F550700698AD9 /* Release */,
			);
			defaultConfigurationIsVisible = 0;
			defaultConfigurationName = Release;
		};
		D60FF8C82B0F550700698AD9 /* Build configuration list for PBXNativeTarget "SwiftUIEditLocationUITests" */ = {
			isa = XCConfigurationList;
			buildConfigurations = (
				D60FF8C92B0F550700698AD9 /* Debug */,
				D60FF8CA2B0F550700698AD9 /* Release */,
			);
			defaultConfigurationIsVisible = 0;
			defaultConfigurationName = Release;
		};
/* End XCConfigurationList section */
	};
	rootObject = D60FF8962B0F550500698AD9 /* Project object */;
}
